
Microsoft Visual Studio Solution File, Format Version 12.00
# Visual Studio Version 16
VisualStudioVersion = 16.0.28803.916
MinimumVisualStudioVersion = 10.0.40219.1
Project("{FAE04EC0-301F-11D3-BF4B-00C04F79EFBC}") = "NanaWalls", "NanaWalls.csproj", "{F4071D1B-8A16-4421-8D36-B546B05FCE6A}"
EndProject
Global
	GlobalSection(SolutionConfigurationPlatforms) = preSolution
		Debug|Any CPU = Debug|Any CPU
		Release|Any CPU = Release|Any CPU
	EndGlobalSection
	GlobalSection(ProjectConfigurationPlatforms) = postSolution
		{F4071D1B-8A16-4421-8D36-B546B05FCE6A}.Debug|Any CPU.ActiveCfg = Debug|Any CPU
		{F4071D1B-8A16-4421-8D36-B546B05FCE6A}.Debug|Any CPU.Build.0 = Debug|Any CPU
		{F4071D1B-8A16-4421-8D36-B546B05FCE6A}.Release|Any CPU.ActiveCfg = Release|Any CPU
		{F4071D1B-8A16-4421-8D36-B546B05FCE6A}.Release|Any CPU.Build.0 = Release|Any CPU
	EndGlobalSection
	GlobalSection(SolutionProperties) = preSolution
		HideSolutionNode = FALSE
	EndGlobalSection
	GlobalSection(ExtensibilityGlobals) = postSolution
		SolutionGuid = {6961433C-9E2B-48DF-AA41-963F6E211F55}
	EndGlobalSection
EndGlobal
